// !$*UTF8*$!
{
	archiveVersion = 1;
	classes = {
	};
	objectVersion = 52;
	objects = {

/* Begin PBXBuildFile section */
		B612D061242BD012005B41B7 /* CoreTelephony.framework in Frameworks */ = {isa = PBXBuildFile; fileRef = B612D060242BD012005B41B7 /* CoreTelephony.framework */; };
		B69885192612402D009D4CD9 /* Castle.m in Sources */ = {isa = PBXBuildFile; fileRef = B69885152612402D009D4CD9 /* Castle.m */; };
		B698851A2612402D009D4CD9 /* CastleConfiguration.m in Sources */ = {isa = PBXBuildFile; fileRef = B69885162612402D009D4CD9 /* CastleConfiguration.m */; };
		B698851B2612402D009D4CD9 /* Castle.h in Headers */ = {isa = PBXBuildFile; fileRef = B69885172612402D009D4CD9 /* Castle.h */; settings = {ATTRIBUTES = (Public, ); }; };
		B698851C2612402D009D4CD9 /* CastleConfiguration.h in Headers */ = {isa = PBXBuildFile; fileRef = B69885182612402D009D4CD9 /* CastleConfiguration.h */; settings = {ATTRIBUTES = (Public, ); }; };
		B6988541261243DD009D4CD9 /* CASModel.h in Headers */ = {isa = PBXBuildFile; fileRef = B6988526261243DC009D4CD9 /* CASModel.h */; };
		B6988542261243DD009D4CD9 /* CASEventStorage.h in Headers */ = {isa = PBXBuildFile; fileRef = B6988527261243DC009D4CD9 /* CASEventStorage.h */; };
		B6988543261243DD009D4CD9 /* CASIdentity.m in Sources */ = {isa = PBXBuildFile; fileRef = B6988528261243DC009D4CD9 /* CASIdentity.m */; };
		B6988545261243DD009D4CD9 /* CASScreen.m in Sources */ = {isa = PBXBuildFile; fileRef = B698852A261243DC009D4CD9 /* CASScreen.m */; };
		B6988546261243DD009D4CD9 /* CASBatch.h in Headers */ = {isa = PBXBuildFile; fileRef = B698852B261243DC009D4CD9 /* CASBatch.h */; };
		B6988549261243DD009D4CD9 /* CASIdentity.h in Headers */ = {isa = PBXBuildFile; fileRef = B698852E261243DC009D4CD9 /* CASIdentity.h */; };
		B698854A261243DD009D4CD9 /* CASRequestInterceptor.h in Headers */ = {isa = PBXBuildFile; fileRef = B698852F261243DC009D4CD9 /* CASRequestInterceptor.h */; };
		B698854B261243DD009D4CD9 /* CASDevice.m in Sources */ = {isa = PBXBuildFile; fileRef = B6988530261243DC009D4CD9 /* CASDevice.m */; };
		B698854D261243DD009D4CD9 /* CASRequestInterceptor.m in Sources */ = {isa = PBXBuildFile; fileRef = B6988532261243DC009D4CD9 /* CASRequestInterceptor.m */; };
		B698854E261243DD009D4CD9 /* CASEventStorage.m in Sources */ = {isa = PBXBuildFile; fileRef = B6988533261243DC009D4CD9 /* CASEventStorage.m */; };
		B6988550261243DD009D4CD9 /* CASModel.m in Sources */ = {isa = PBXBuildFile; fileRef = B6988535261243DC009D4CD9 /* CASModel.m */; };
		B6988551261243DD009D4CD9 /* UIViewController+CASScreen.m in Sources */ = {isa = PBXBuildFile; fileRef = B6988536261243DC009D4CD9 /* UIViewController+CASScreen.m */; };
		B6988553261243DD009D4CD9 /* UIViewController+CASScreen.h in Headers */ = {isa = PBXBuildFile; fileRef = B6988538261243DC009D4CD9 /* UIViewController+CASScreen.h */; };
		B6988554261243DD009D4CD9 /* CASBatch.m in Sources */ = {isa = PBXBuildFile; fileRef = B6988539261243DC009D4CD9 /* CASBatch.m */; };
		B6988556261243DD009D4CD9 /* CASDevice.h in Headers */ = {isa = PBXBuildFile; fileRef = B698853B261243DD009D4CD9 /* CASDevice.h */; };
		B6988557261243DD009D4CD9 /* CASContext.m in Sources */ = {isa = PBXBuildFile; fileRef = B698853C261243DD009D4CD9 /* CASContext.m */; };
		B6988558261243DD009D4CD9 /* CASContext.h in Headers */ = {isa = PBXBuildFile; fileRef = B698853D261243DD009D4CD9 /* CASContext.h */; };
		B698855A261243DD009D4CD9 /* CASScreen.h in Headers */ = {isa = PBXBuildFile; fileRef = B698853F261243DD009D4CD9 /* CASScreen.h */; };
		B6988569261244A2009D4CD9 /* Castle+Util.h in Headers */ = {isa = PBXBuildFile; fileRef = B6988568261244A2009D4CD9 /* Castle+Util.h */; };
		B698856E261244B7009D4CD9 /* CASAPIClient.m in Sources */ = {isa = PBXBuildFile; fileRef = B698856C261244B7009D4CD9 /* CASAPIClient.m */; };
		B698856F261244B7009D4CD9 /* CASAPIClient.h in Headers */ = {isa = PBXBuildFile; fileRef = B698856D261244B7009D4CD9 /* CASAPIClient.h */; };
		B6988573261244C1009D4CD9 /* CASEvent.m in Sources */ = {isa = PBXBuildFile; fileRef = B6988571261244C1009D4CD9 /* CASEvent.m */; };
		B6988574261244C1009D4CD9 /* CASEvent.h in Headers */ = {isa = PBXBuildFile; fileRef = B6988572261244C1009D4CD9 /* CASEvent.h */; };
		B6988579261244CF009D4CD9 /* CASReachability.h in Headers */ = {isa = PBXBuildFile; fileRef = B6988577261244CF009D4CD9 /* CASReachability.h */; };
		B698857A261244CF009D4CD9 /* CASReachability.m in Sources */ = {isa = PBXBuildFile; fileRef = B6988578261244CF009D4CD9 /* CASReachability.m */; };
		B698857F261244DE009D4CD9 /* CASUtils.m in Sources */ = {isa = PBXBuildFile; fileRef = B698857D261244DE009D4CD9 /* CASUtils.m */; };
		B6988580261244DE009D4CD9 /* CASUtils.h in Headers */ = {isa = PBXBuildFile; fileRef = B698857E261244DE009D4CD9 /* CASUtils.h */; };
		B69885A526124853009D4CD9 /* Castle.framework in Frameworks */ = {isa = PBXBuildFile; fileRef = B6B355DC1ED71D9700C2B817 /* Castle.framework */; platformFilter = ios; };
/* End PBXBuildFile section */

/* Begin PBXContainerItemProxy section */
		B69885A626124853009D4CD9 /* PBXContainerItemProxy */ = {
			isa = PBXContainerItemProxy;
			containerPortal = B6B355D31ED71D9600C2B817 /* Project object */;
			proxyType = 1;
			remoteGlobalIDString = B6B355DB1ED71D9700C2B817;
			remoteInfo = Castle;
		};
/* End PBXContainerItemProxy section */

/* Begin PBXFileReference section */
		B612D060242BD012005B41B7 /* CoreTelephony.framework */ = {isa = PBXFileReference; lastKnownFileType = wrapper.framework; name = CoreTelephony.framework; path = Platforms/MacOSX.platform/Developer/SDKs/MacOSX10.15.sdk/System/Library/Frameworks/CoreTelephony.framework; sourceTree = DEVELOPER_DIR; };
		B69885152612402D009D4CD9 /* Castle.m */ = {isa = PBXFileReference; fileEncoding = 4; lastKnownFileType = sourcecode.c.objc; path = Castle.m; sourceTree = "<group>"; };
		B69885162612402D009D4CD9 /* CastleConfiguration.m */ = {isa = PBXFileReference; fileEncoding = 4; lastKnownFileType = sourcecode.c.objc; path = CastleConfiguration.m; sourceTree = "<group>"; };
		B69885172612402D009D4CD9 /* Castle.h */ = {isa = PBXFileReference; fileEncoding = 4; lastKnownFileType = sourcecode.c.h; path = Castle.h; sourceTree = "<group>"; };
		B69885182612402D009D4CD9 /* CastleConfiguration.h */ = {isa = PBXFileReference; fileEncoding = 4; lastKnownFileType = sourcecode.c.h; path = CastleConfiguration.h; sourceTree = "<group>"; };
		B6988526261243DC009D4CD9 /* CASModel.h */ = {isa = PBXFileReference; fileEncoding = 4; lastKnownFileType = sourcecode.c.h; name = CASModel.h; path = Internal/CASModel.h; sourceTree = "<group>"; };
		B6988527261243DC009D4CD9 /* CASEventStorage.h */ = {isa = PBXFileReference; fileEncoding = 4; lastKnownFileType = sourcecode.c.h; name = CASEventStorage.h; path = Internal/CASEventStorage.h; sourceTree = "<group>"; };
		B6988528261243DC009D4CD9 /* CASIdentity.m */ = {isa = PBXFileReference; fileEncoding = 4; lastKnownFileType = sourcecode.c.objc; name = CASIdentity.m; path = Internal/CASIdentity.m; sourceTree = "<group>"; };
		B698852A261243DC009D4CD9 /* CASScreen.m */ = {isa = PBXFileReference; fileEncoding = 4; lastKnownFileType = sourcecode.c.objc; name = CASScreen.m; path = Internal/CASScreen.m; sourceTree = "<group>"; };
		B698852B261243DC009D4CD9 /* CASBatch.h */ = {isa = PBXFileReference; fileEncoding = 4; lastKnownFileType = sourcecode.c.h; name = CASBatch.h; path = Internal/CASBatch.h; sourceTree = "<group>"; };
		B698852E261243DC009D4CD9 /* CASIdentity.h */ = {isa = PBXFileReference; fileEncoding = 4; lastKnownFileType = sourcecode.c.h; name = CASIdentity.h; path = Internal/CASIdentity.h; sourceTree = "<group>"; };
		B698852F261243DC009D4CD9 /* CASRequestInterceptor.h */ = {isa = PBXFileReference; fileEncoding = 4; lastKnownFileType = sourcecode.c.h; name = CASRequestInterceptor.h; path = Internal/CASRequestInterceptor.h; sourceTree = "<group>"; };
		B6988530261243DC009D4CD9 /* CASDevice.m */ = {isa = PBXFileReference; fileEncoding = 4; lastKnownFileType = sourcecode.c.objc; name = CASDevice.m; path = Internal/CASDevice.m; sourceTree = "<group>"; };
		B6988532261243DC009D4CD9 /* CASRequestInterceptor.m */ = {isa = PBXFileReference; fileEncoding = 4; lastKnownFileType = sourcecode.c.objc; name = CASRequestInterceptor.m; path = Internal/CASRequestInterceptor.m; sourceTree = "<group>"; };
		B6988533261243DC009D4CD9 /* CASEventStorage.m */ = {isa = PBXFileReference; fileEncoding = 4; lastKnownFileType = sourcecode.c.objc; name = CASEventStorage.m; path = Internal/CASEventStorage.m; sourceTree = "<group>"; };
		B6988535261243DC009D4CD9 /* CASModel.m */ = {isa = PBXFileReference; fileEncoding = 4; lastKnownFileType = sourcecode.c.objc; name = CASModel.m; path = Internal/CASModel.m; sourceTree = "<group>"; };
		B6988536261243DC009D4CD9 /* UIViewController+CASScreen.m */ = {isa = PBXFileReference; fileEncoding = 4; lastKnownFileType = sourcecode.c.objc; name = "UIViewController+CASScreen.m"; path = "Internal/UIViewController+CASScreen.m"; sourceTree = "<group>"; };
		B6988538261243DC009D4CD9 /* UIViewController+CASScreen.h */ = {isa = PBXFileReference; fileEncoding = 4; lastKnownFileType = sourcecode.c.h; name = "UIViewController+CASScreen.h"; path = "Internal/UIViewController+CASScreen.h"; sourceTree = "<group>"; };
		B6988539261243DC009D4CD9 /* CASBatch.m */ = {isa = PBXFileReference; fileEncoding = 4; lastKnownFileType = sourcecode.c.objc; name = CASBatch.m; path = Internal/CASBatch.m; sourceTree = "<group>"; };
		B698853B261243DD009D4CD9 /* CASDevice.h */ = {isa = PBXFileReference; fileEncoding = 4; lastKnownFileType = sourcecode.c.h; name = CASDevice.h; path = Internal/CASDevice.h; sourceTree = "<group>"; };
		B698853C261243DD009D4CD9 /* CASContext.m */ = {isa = PBXFileReference; fileEncoding = 4; lastKnownFileType = sourcecode.c.objc; name = CASContext.m; path = Internal/CASContext.m; sourceTree = "<group>"; };
		B698853D261243DD009D4CD9 /* CASContext.h */ = {isa = PBXFileReference; fileEncoding = 4; lastKnownFileType = sourcecode.c.h; name = CASContext.h; path = Internal/CASContext.h; sourceTree = "<group>"; };
		B698853F261243DD009D4CD9 /* CASScreen.h */ = {isa = PBXFileReference; fileEncoding = 4; lastKnownFileType = sourcecode.c.h; name = CASScreen.h; path = Internal/CASScreen.h; sourceTree = "<group>"; };
		B6988568261244A2009D4CD9 /* Castle+Util.h */ = {isa = PBXFileReference; fileEncoding = 4; lastKnownFileType = sourcecode.c.h; name = "Castle+Util.h"; path = "Internal/Castle+Util.h"; sourceTree = "<group>"; };
		B698856C261244B7009D4CD9 /* CASAPIClient.m */ = {isa = PBXFileReference; fileEncoding = 4; lastKnownFileType = sourcecode.c.objc; name = CASAPIClient.m; path = Internal/CASAPIClient.m; sourceTree = "<group>"; };
		B698856D261244B7009D4CD9 /* CASAPIClient.h */ = {isa = PBXFileReference; fileEncoding = 4; lastKnownFileType = sourcecode.c.h; name = CASAPIClient.h; path = Internal/CASAPIClient.h; sourceTree = "<group>"; };
		B6988571261244C1009D4CD9 /* CASEvent.m */ = {isa = PBXFileReference; fileEncoding = 4; lastKnownFileType = sourcecode.c.objc; name = CASEvent.m; path = Internal/CASEvent.m; sourceTree = "<group>"; };
		B6988572261244C1009D4CD9 /* CASEvent.h */ = {isa = PBXFileReference; fileEncoding = 4; lastKnownFileType = sourcecode.c.h; name = CASEvent.h; path = Internal/CASEvent.h; sourceTree = "<group>"; };
		B6988577261244CF009D4CD9 /* CASReachability.h */ = {isa = PBXFileReference; fileEncoding = 4; lastKnownFileType = sourcecode.c.h; name = CASReachability.h; path = Internal/CASReachability.h; sourceTree = "<group>"; };
		B6988578261244CF009D4CD9 /* CASReachability.m */ = {isa = PBXFileReference; fileEncoding = 4; lastKnownFileType = sourcecode.c.objc; name = CASReachability.m; path = Internal/CASReachability.m; sourceTree = "<group>"; };
		B698857D261244DE009D4CD9 /* CASUtils.m */ = {isa = PBXFileReference; fileEncoding = 4; lastKnownFileType = sourcecode.c.objc; name = CASUtils.m; path = Internal/CASUtils.m; sourceTree = "<group>"; };
		B698857E261244DE009D4CD9 /* CASUtils.h */ = {isa = PBXFileReference; fileEncoding = 4; lastKnownFileType = sourcecode.c.h; name = CASUtils.h; path = Internal/CASUtils.h; sourceTree = "<group>"; };
		B69885A026124853009D4CD9 /* CastleTests.xctest */ = {isa = PBXFileReference; explicitFileType = wrapper.cfbundle; includeInIndex = 0; path = CastleTests.xctest; sourceTree = BUILT_PRODUCTS_DIR; };
		B6B355DC1ED71D9700C2B817 /* Castle.framework */ = {isa = PBXFileReference; explicitFileType = wrapper.framework; includeInIndex = 0; path = Castle.framework; sourceTree = BUILT_PRODUCTS_DIR; };
		B6B355E71ED71F9D00C2B817 /* Info.plist */ = {isa = PBXFileReference; fileEncoding = 4; lastKnownFileType = text.plist.xml; path = Info.plist; sourceTree = "<group>"; };
/* End PBXFileReference section */

/* Begin PBXFrameworksBuildPhase section */
		B698859D26124853009D4CD9 /* Frameworks */ = {
			isa = PBXFrameworksBuildPhase;
			buildActionMask = 2147483647;
			files = (
				B69885A526124853009D4CD9 /* Castle.framework in Frameworks */,
			);
			runOnlyForDeploymentPostprocessing = 0;
		};
		B6B355D81ED71D9700C2B817 /* Frameworks */ = {
			isa = PBXFrameworksBuildPhase;
			buildActionMask = 2147483647;
			files = (
				B612D061242BD012005B41B7 /* CoreTelephony.framework in Frameworks */,
			);
			runOnlyForDeploymentPostprocessing = 0;
		};
/* End PBXFrameworksBuildPhase section */

/* Begin PBXGroup section */
		B612D05F242BD012005B41B7 /* Frameworks */ = {
			isa = PBXGroup;
			children = (
				B612D060242BD012005B41B7 /* CoreTelephony.framework */,
			);
			name = Frameworks;
			sourceTree = "<group>";
		};
		B69885142612402D009D4CD9 /* Public */ = {
			isa = PBXGroup;
			children = (
				B69885172612402D009D4CD9 /* Castle.h */,
				B69885182612402D009D4CD9 /* CastleConfiguration.h */,
				B69885152612402D009D4CD9 /* Castle.m */,
				B69885162612402D009D4CD9 /* CastleConfiguration.m */,
			);
			path = Public;
			sourceTree = "<group>";
		};
		B698855D261243EB009D4CD9 /* Client */ = {
			isa = PBXGroup;
			children = (
				B698856D261244B7009D4CD9 /* CASAPIClient.h */,
				B6988572261244C1009D4CD9 /* CASEvent.h */,
				B698856C261244B7009D4CD9 /* CASAPIClient.m */,
				B6988571261244C1009D4CD9 /* CASEvent.m */,
			);
			name = Client;
			sourceTree = "<group>";
		};
		B69885612612443C009D4CD9 /* Reachability */ = {
			isa = PBXGroup;
			children = (
				B6988577261244CF009D4CD9 /* CASReachability.h */,
				B6988578261244CF009D4CD9 /* CASReachability.m */,
			);
			name = Reachability;
			sourceTree = "<group>";
		};
		B69885632612445D009D4CD9 /* Util */ = {
			isa = PBXGroup;
			children = (
				B698857E261244DE009D4CD9 /* CASUtils.h */,
				B698857D261244DE009D4CD9 /* CASUtils.m */,
			);
			name = Util;
			sourceTree = "<group>";
		};
		B6B355D21ED71D9600C2B817 = {
			isa = PBXGroup;
			children = (
				B6B355DE1ED71D9700C2B817 /* Castle */,
				B6B355DD1ED71D9700C2B817 /* Products */,
				B612D05F242BD012005B41B7 /* Frameworks */,
			);
			sourceTree = "<group>";
		};
		B6B355DD1ED71D9700C2B817 /* Products */ = {
			isa = PBXGroup;
			children = (
				B6B355DC1ED71D9700C2B817 /* Castle.framework */,
				B69885A026124853009D4CD9 /* CastleTests.xctest */,
			);
			name = Products;
			sourceTree = "<group>";
		};
		B6B355DE1ED71D9700C2B817 /* Castle */ = {
			isa = PBXGroup;
			children = (
				B698852B261243DC009D4CD9 /* CASBatch.h */,
				B698853D261243DD009D4CD9 /* CASContext.h */,
				B698853B261243DD009D4CD9 /* CASDevice.h */,
				B6988527261243DC009D4CD9 /* CASEventStorage.h */,
				B698852E261243DC009D4CD9 /* CASIdentity.h */,
				B6988526261243DC009D4CD9 /* CASModel.h */,
				B698852F261243DC009D4CD9 /* CASRequestInterceptor.h */,
				B698853F261243DD009D4CD9 /* CASScreen.h */,
				B6988568261244A2009D4CD9 /* Castle+Util.h */,
				B6988538261243DC009D4CD9 /* UIViewController+CASScreen.h */,
				B6988539261243DC009D4CD9 /* CASBatch.m */,
				B698853C261243DD009D4CD9 /* CASContext.m */,
				B6988530261243DC009D4CD9 /* CASDevice.m */,
				B6988533261243DC009D4CD9 /* CASEventStorage.m */,
				B6988528261243DC009D4CD9 /* CASIdentity.m */,
				B6988535261243DC009D4CD9 /* CASModel.m */,
				B6988532261243DC009D4CD9 /* CASRequestInterceptor.m */,
				B698852A261243DC009D4CD9 /* CASScreen.m */,
				B6988536261243DC009D4CD9 /* UIViewController+CASScreen.m */,
				B6B355E71ED71F9D00C2B817 /* Info.plist */,
				B698855D261243EB009D4CD9 /* Client */,
				B69885142612402D009D4CD9 /* Public */,
				B69885612612443C009D4CD9 /* Reachability */,
				B69885632612445D009D4CD9 /* Util */,
			);
			path = Castle;
			sourceTree = "<group>";
		};
/* End PBXGroup section */

/* Begin PBXHeadersBuildPhase section */
		B6B355D91ED71D9700C2B817 /* Headers */ = {
			isa = PBXHeadersBuildPhase;
			buildActionMask = 2147483647;
			files = (
				B6988549261243DD009D4CD9 /* CASIdentity.h in Headers */,
				B698851B2612402D009D4CD9 /* Castle.h in Headers */,
				B6988542261243DD009D4CD9 /* CASEventStorage.h in Headers */,
				B698856F261244B7009D4CD9 /* CASAPIClient.h in Headers */,
				B6988574261244C1009D4CD9 /* CASEvent.h in Headers */,
				B6988541261243DD009D4CD9 /* CASModel.h in Headers */,
				B698854A261243DD009D4CD9 /* CASRequestInterceptor.h in Headers */,
				B6988579261244CF009D4CD9 /* CASReachability.h in Headers */,
				B6988556261243DD009D4CD9 /* CASDevice.h in Headers */,
				B698855A261243DD009D4CD9 /* CASScreen.h in Headers */,
				B6988546261243DD009D4CD9 /* CASBatch.h in Headers */,
				B6988569261244A2009D4CD9 /* Castle+Util.h in Headers */,
				B6988553261243DD009D4CD9 /* UIViewController+CASScreen.h in Headers */,
				B6988580261244DE009D4CD9 /* CASUtils.h in Headers */,
				B6988558261243DD009D4CD9 /* CASContext.h in Headers */,
				B698851C2612402D009D4CD9 /* CastleConfiguration.h in Headers */,
			);
			runOnlyForDeploymentPostprocessing = 0;
		};
/* End PBXHeadersBuildPhase section */

/* Begin PBXNativeTarget section */
		B698859F26124853009D4CD9 /* CastleTests */ = {
			isa = PBXNativeTarget;
			buildConfigurationList = B69885AA26124853009D4CD9 /* Build configuration list for PBXNativeTarget "CastleTests" */;
			buildPhases = (
				B698859C26124853009D4CD9 /* Sources */,
				B698859D26124853009D4CD9 /* Frameworks */,
				B698859E26124853009D4CD9 /* Resources */,
			);
			buildRules = (
			);
			dependencies = (
				B69885A726124853009D4CD9 /* PBXTargetDependency */,
			);
			name = CastleTests;
			productName = CastleTests;
			productReference = B69885A026124853009D4CD9 /* CastleTests.xctest */;
			productType = "com.apple.product-type.bundle.unit-test";
		};
		B6B355DB1ED71D9700C2B817 /* Castle */ = {
			isa = PBXNativeTarget;
			buildConfigurationList = B6B355E41ED71D9700C2B817 /* Build configuration list for PBXNativeTarget "Castle" */;
			buildPhases = (
				B6B355D71ED71D9700C2B817 /* Sources */,
				B6B355D81ED71D9700C2B817 /* Frameworks */,
				B6B355D91ED71D9700C2B817 /* Headers */,
				B6B355DA1ED71D9700C2B817 /* Resources */,
			);
			buildRules = (
			);
			dependencies = (
			);
			name = Castle;
			productName = Castle;
			productReference = B6B355DC1ED71D9700C2B817 /* Castle.framework */;
			productType = "com.apple.product-type.framework";
		};
/* End PBXNativeTarget section */

/* Begin PBXProject section */
		B6B355D31ED71D9600C2B817 /* Project object */ = {
			isa = PBXProject;
			attributes = {
				LastUpgradeCheck = 1220;
				ORGANIZATIONNAME = Castle;
				TargetAttributes = {
					B698859F26124853009D4CD9 = {
						CreatedOnToolsVersion = 12.4;
						LastSwiftMigration = 1240;
					};
					B6B355DB1ED71D9700C2B817 = {
						CreatedOnToolsVersion = 8.3.2;
						ProvisioningStyle = Automatic;
					};
				};
			};
			buildConfigurationList = B6B355D61ED71D9600C2B817 /* Build configuration list for PBXProject "Castle" */;
			compatibilityVersion = "Xcode 3.2";
			developmentRegion = en;
			hasScannedForEncodings = 0;
			knownRegions = (
				en,
				Base,
			);
			mainGroup = B6B355D21ED71D9600C2B817;
			productRefGroup = B6B355DD1ED71D9700C2B817 /* Products */;
			projectDirPath = "";
			projectRoot = "";
			targets = (
				B6B355DB1ED71D9700C2B817 /* Castle */,
				B698859F26124853009D4CD9 /* CastleTests */,
			);
		};
/* End PBXProject section */

/* Begin PBXResourcesBuildPhase section */
		B698859E26124853009D4CD9 /* Resources */ = {
			isa = PBXResourcesBuildPhase;
			buildActionMask = 2147483647;
			files = (
			);
			runOnlyForDeploymentPostprocessing = 0;
		};
		B6B355DA1ED71D9700C2B817 /* Resources */ = {
			isa = PBXResourcesBuildPhase;
			buildActionMask = 2147483647;
			files = (
			);
			runOnlyForDeploymentPostprocessing = 0;
		};
/* End PBXResourcesBuildPhase section */

/* Begin PBXSourcesBuildPhase section */
		B698859C26124853009D4CD9 /* Sources */ = {
			isa = PBXSourcesBuildPhase;
			buildActionMask = 2147483647;
			files = (
			);
			runOnlyForDeploymentPostprocessing = 0;
		};
		B6B355D71ED71D9700C2B817 /* Sources */ = {
			isa = PBXSourcesBuildPhase;
			buildActionMask = 2147483647;
			files = (
				B698854B261243DD009D4CD9 /* CASDevice.m in Sources */,
				B698851A2612402D009D4CD9 /* CastleConfiguration.m in Sources */,
				B698857A261244CF009D4CD9 /* CASReachability.m in Sources */,
				B698854E261243DD009D4CD9 /* CASEventStorage.m in Sources */,
				B6988545261243DD009D4CD9 /* CASScreen.m in Sources */,
				B6988551261243DD009D4CD9 /* UIViewController+CASScreen.m in Sources */,
				B6988550261243DD009D4CD9 /* CASModel.m in Sources */,
				B698856E261244B7009D4CD9 /* CASAPIClient.m in Sources */,
				B6988554261243DD009D4CD9 /* CASBatch.m in Sources */,
				B69885192612402D009D4CD9 /* Castle.m in Sources */,
				B6988573261244C1009D4CD9 /* CASEvent.m in Sources */,
				B698854D261243DD009D4CD9 /* CASRequestInterceptor.m in Sources */,
				B698857F261244DE009D4CD9 /* CASUtils.m in Sources */,
				B6988543261243DD009D4CD9 /* CASIdentity.m in Sources */,
				B6988557261243DD009D4CD9 /* CASContext.m in Sources */,
			);
			runOnlyForDeploymentPostprocessing = 0;
		};
/* End PBXSourcesBuildPhase section */

/* Begin PBXTargetDependency section */
		B69885A726124853009D4CD9 /* PBXTargetDependency */ = {
			isa = PBXTargetDependency;
			platformFilter = ios;
			target = B6B355DB1ED71D9700C2B817 /* Castle */;
			targetProxy = B69885A626124853009D4CD9 /* PBXContainerItemProxy */;
		};
/* End PBXTargetDependency section */

/* Begin XCBuildConfiguration section */
		B69885A826124853009D4CD9 /* Debug */ = {
			isa = XCBuildConfiguration;
			buildSettings = {
				CLANG_CXX_LANGUAGE_STANDARD = "gnu++14";
				CLANG_ENABLE_MODULES = YES;
				CLANG_ENABLE_OBJC_WEAK = YES;
				CLANG_WARN_UNGUARDED_AVAILABILITY = YES_AGGRESSIVE;
				CODE_SIGN_STYLE = Automatic;
				GCC_C_LANGUAGE_STANDARD = gnu11;
				INFOPLIST_FILE = CastleTests/Info.plist;
				IPHONEOS_DEPLOYMENT_TARGET = 14.4;
				LD_RUNPATH_SEARCH_PATHS = (
					"$(inherited)",
					"@executable_path/Frameworks",
					"@loader_path/Frameworks",
				);
				MTL_ENABLE_DEBUG_INFO = INCLUDE_SOURCE;
				MTL_FAST_MATH = YES;
				PRODUCT_BUNDLE_IDENTIFIER = com.castle.CastleTests;
				PRODUCT_NAME = "$(TARGET_NAME)";
				SWIFT_OBJC_BRIDGING_HEADER = "CastleTests/CastleTests-Bridging-Header.h";
				SWIFT_OPTIMIZATION_LEVEL = "-Onone";
				SWIFT_VERSION = 5.0;
				TARGETED_DEVICE_FAMILY = "1,2";
			};
			name = Debug;
		};
		B69885A926124853009D4CD9 /* Release */ = {
			isa = XCBuildConfiguration;
			buildSettings = {
				CLANG_CXX_LANGUAGE_STANDARD = "gnu++14";
				CLANG_ENABLE_MODULES = YES;
				CLANG_ENABLE_OBJC_WEAK = YES;
				CLANG_WARN_UNGUARDED_AVAILABILITY = YES_AGGRESSIVE;
				CODE_SIGN_STYLE = Automatic;
				GCC_C_LANGUAGE_STANDARD = gnu11;
				INFOPLIST_FILE = CastleTests/Info.plist;
				IPHONEOS_DEPLOYMENT_TARGET = 14.4;
				LD_RUNPATH_SEARCH_PATHS = (
					"$(inherited)",
					"@executable_path/Frameworks",
					"@loader_path/Frameworks",
				);
				MTL_FAST_MATH = YES;
				PRODUCT_BUNDLE_IDENTIFIER = com.castle.CastleTests;
				PRODUCT_NAME = "$(TARGET_NAME)";
				SWIFT_OBJC_BRIDGING_HEADER = "CastleTests/CastleTests-Bridging-Header.h";
				SWIFT_VERSION = 5.0;
				TARGETED_DEVICE_FAMILY = "1,2";
			};
			name = Release;
		};
		B6B355E21ED71D9700C2B817 /* Debug */ = {
			isa = XCBuildConfiguration;
			buildSettings = {
				ALWAYS_SEARCH_USER_PATHS = NO;
				CLANG_ANALYZER_NONNULL = YES;
				CLANG_ANALYZER_NUMBER_OBJECT_CONVERSION = YES_AGGRESSIVE;
				CLANG_CXX_LANGUAGE_STANDARD = "gnu++0x";
				CLANG_CXX_LIBRARY = "libc++";
				CLANG_ENABLE_MODULES = YES;
				CLANG_ENABLE_OBJC_ARC = YES;
				CLANG_WARN_BLOCK_CAPTURE_AUTORELEASING = YES;
				CLANG_WARN_BOOL_CONVERSION = YES;
				CLANG_WARN_COMMA = YES;
				CLANG_WARN_CONSTANT_CONVERSION = YES;
				CLANG_WARN_DEPRECATED_OBJC_IMPLEMENTATIONS = YES;
				CLANG_WARN_DIRECT_OBJC_ISA_USAGE = YES_ERROR;
				CLANG_WARN_DOCUMENTATION_COMMENTS = YES;
				CLANG_WARN_EMPTY_BODY = YES;
				CLANG_WARN_ENUM_CONVERSION = YES;
				CLANG_WARN_INFINITE_RECURSION = YES;
				CLANG_WARN_INT_CONVERSION = YES;
				CLANG_WARN_NON_LITERAL_NULL_CONVERSION = YES;
				CLANG_WARN_OBJC_IMPLICIT_RETAIN_SELF = YES;
				CLANG_WARN_OBJC_LITERAL_CONVERSION = YES;
				CLANG_WARN_OBJC_ROOT_CLASS = YES_ERROR;
				CLANG_WARN_QUOTED_INCLUDE_IN_FRAMEWORK_HEADER = YES;
				CLANG_WARN_RANGE_LOOP_ANALYSIS = YES;
				CLANG_WARN_STRICT_PROTOTYPES = YES;
				CLANG_WARN_SUSPICIOUS_MOVE = YES;
				CLANG_WARN_UNREACHABLE_CODE = YES;
				CLANG_WARN__DUPLICATE_METHOD_MATCH = YES;
				"CODE_SIGN_IDENTITY[sdk=iphoneos*]" = "iPhone Developer";
				COPY_PHASE_STRIP = NO;
				CURRENT_PROJECT_VERSION = 1;
				DEBUG_INFORMATION_FORMAT = dwarf;
				ENABLE_STRICT_OBJC_MSGSEND = YES;
				ENABLE_TESTABILITY = YES;
				GCC_C_LANGUAGE_STANDARD = gnu99;
				GCC_DYNAMIC_NO_PIC = NO;
				GCC_NO_COMMON_BLOCKS = YES;
				GCC_OPTIMIZATION_LEVEL = 0;
				GCC_PREPROCESSOR_DEFINITIONS = (
					"DEBUG=1",
					"$(inherited)",
				);
				GCC_WARN_64_TO_32_BIT_CONVERSION = YES;
				GCC_WARN_ABOUT_RETURN_TYPE = YES_ERROR;
				GCC_WARN_UNDECLARED_SELECTOR = YES;
				GCC_WARN_UNINITIALIZED_AUTOS = YES_AGGRESSIVE;
				GCC_WARN_UNUSED_FUNCTION = YES;
				GCC_WARN_UNUSED_VARIABLE = YES;
				IPHONEOS_DEPLOYMENT_TARGET = 9.0;
				MTL_ENABLE_DEBUG_INFO = YES;
				ONLY_ACTIVE_ARCH = YES;
				SDKROOT = iphoneos;
				TARGETED_DEVICE_FAMILY = "1,2";
				VERSIONING_SYSTEM = "apple-generic";
				VERSION_INFO_PREFIX = "";
			};
			name = Debug;
		};
		B6B355E31ED71D9700C2B817 /* Release */ = {
			isa = XCBuildConfiguration;
			buildSettings = {
				ALWAYS_SEARCH_USER_PATHS = NO;
				CLANG_ANALYZER_NONNULL = YES;
				CLANG_ANALYZER_NUMBER_OBJECT_CONVERSION = YES_AGGRESSIVE;
				CLANG_CXX_LANGUAGE_STANDARD = "gnu++0x";
				CLANG_CXX_LIBRARY = "libc++";
				CLANG_ENABLE_MODULES = YES;
				CLANG_ENABLE_OBJC_ARC = YES;
				CLANG_WARN_BLOCK_CAPTURE_AUTORELEASING = YES;
				CLANG_WARN_BOOL_CONVERSION = YES;
				CLANG_WARN_COMMA = YES;
				CLANG_WARN_CONSTANT_CONVERSION = YES;
				CLANG_WARN_DEPRECATED_OBJC_IMPLEMENTATIONS = YES;
				CLANG_WARN_DIRECT_OBJC_ISA_USAGE = YES_ERROR;
				CLANG_WARN_DOCUMENTATION_COMMENTS = YES;
				CLANG_WARN_EMPTY_BODY = YES;
				CLANG_WARN_ENUM_CONVERSION = YES;
				CLANG_WARN_INFINITE_RECURSION = YES;
				CLANG_WARN_INT_CONVERSION = YES;
				CLANG_WARN_NON_LITERAL_NULL_CONVERSION = YES;
				CLANG_WARN_OBJC_IMPLICIT_RETAIN_SELF = YES;
				CLANG_WARN_OBJC_LITERAL_CONVERSION = YES;
				CLANG_WARN_OBJC_ROOT_CLASS = YES_ERROR;
				CLANG_WARN_QUOTED_INCLUDE_IN_FRAMEWORK_HEADER = YES;
				CLANG_WARN_RANGE_LOOP_ANALYSIS = YES;
				CLANG_WARN_STRICT_PROTOTYPES = YES;
				CLANG_WARN_SUSPICIOUS_MOVE = YES;
				CLANG_WARN_UNREACHABLE_CODE = YES;
				CLANG_WARN__DUPLICATE_METHOD_MATCH = YES;
				"CODE_SIGN_IDENTITY[sdk=iphoneos*]" = "iPhone Developer";
				COPY_PHASE_STRIP = NO;
				CURRENT_PROJECT_VERSION = 1;
				DEBUG_INFORMATION_FORMAT = "dwarf-with-dsym";
				ENABLE_NS_ASSERTIONS = NO;
				ENABLE_STRICT_OBJC_MSGSEND = YES;
				GCC_C_LANGUAGE_STANDARD = gnu99;
				GCC_NO_COMMON_BLOCKS = YES;
				GCC_WARN_64_TO_32_BIT_CONVERSION = YES;
				GCC_WARN_ABOUT_RETURN_TYPE = YES_ERROR;
				GCC_WARN_UNDECLARED_SELECTOR = YES;
				GCC_WARN_UNINITIALIZED_AUTOS = YES_AGGRESSIVE;
				GCC_WARN_UNUSED_FUNCTION = YES;
				GCC_WARN_UNUSED_VARIABLE = YES;
				IPHONEOS_DEPLOYMENT_TARGET = 9.0;
				MTL_ENABLE_DEBUG_INFO = NO;
				SDKROOT = iphoneos;
				TARGETED_DEVICE_FAMILY = "1,2";
				VALIDATE_PRODUCT = YES;
				VERSIONING_SYSTEM = "apple-generic";
				VERSION_INFO_PREFIX = "";
			};
			name = Release;
		};
		B6B355E51ED71D9700C2B817 /* Debug */ = {
			isa = XCBuildConfiguration;
			buildSettings = {
				CODE_SIGN_IDENTITY = "";
				DEFINES_MODULE = YES;
				DYLIB_COMPATIBILITY_VERSION = 1;
				DYLIB_CURRENT_VERSION = 1;
				DYLIB_INSTALL_NAME_BASE = "@rpath";
				INFOPLIST_FILE = Castle/Info.plist;
				INSTALL_PATH = "$(LOCAL_LIBRARY_DIR)/Frameworks";
				IPHONEOS_DEPLOYMENT_TARGET = 9.0;
				"IPHONEOS_DEPLOYMENT_TARGET[sdk=macosx*]" = 13.1;
				LD_RUNPATH_SEARCH_PATHS = (
					"$(inherited)",
					"@executable_path/Frameworks",
					"@loader_path/Frameworks",
				);
				PRODUCT_BUNDLE_IDENTIFIER = com.castleio.Castle;
				PRODUCT_NAME = "$(TARGET_NAME)";
				SKIP_INSTALL = YES;
				SUPPORTS_MACCATALYST = NO;
				TARGETED_DEVICE_FAMILY = "1,2";
			};
			name = Debug;
		};
		B6B355E61ED71D9700C2B817 /* Release */ = {
			isa = XCBuildConfiguration;
			buildSettings = {
				CODE_SIGN_IDENTITY = "";
				DEFINES_MODULE = YES;
				DYLIB_COMPATIBILITY_VERSION = 1;
				DYLIB_CURRENT_VERSION = 1;
				DYLIB_INSTALL_NAME_BASE = "@rpath";
				INFOPLIST_FILE = Castle/Info.plist;
				INSTALL_PATH = "$(LOCAL_LIBRARY_DIR)/Frameworks";
				IPHONEOS_DEPLOYMENT_TARGET = 9.0;
				"IPHONEOS_DEPLOYMENT_TARGET[sdk=macosx*]" = 13.1;
				LD_RUNPATH_SEARCH_PATHS = (
					"$(inherited)",
					"@executable_path/Frameworks",
					"@loader_path/Frameworks",
				);
				PRODUCT_BUNDLE_IDENTIFIER = com.castleio.Castle;
				PRODUCT_NAME = "$(TARGET_NAME)";
				SKIP_INSTALL = YES;
				SUPPORTS_MACCATALYST = NO;
				TARGETED_DEVICE_FAMILY = "1,2";
			};
			name = Release;
		};
/* End XCBuildConfiguration section */

/* Begin XCConfigurationList section */
		B69885AA26124853009D4CD9 /* Build configuration list for PBXNativeTarget "CastleTests" */ = {
			isa = XCConfigurationList;
			buildConfigurations = (
				B69885A826124853009D4CD9 /* Debug */,
				B69885A926124853009D4CD9 /* Release */,
			);
			defaultConfigurationIsVisible = 0;
			defaultConfigurationName = Release;
		};
		B6B355D61ED71D9600C2B817 /* Build configuration list for PBXProject "Castle" */ = {
			isa = XCConfigurationList;
			buildConfigurations = (
				B6B355E21ED71D9700C2B817 /* Debug */,
				B6B355E31ED71D9700C2B817 /* Release */,
			);
			defaultConfigurationIsVisible = 0;
			defaultConfigurationName = Release;
		};
		B6B355E41ED71D9700C2B817 /* Build configuration list for PBXNativeTarget "Castle" */ = {
			isa = XCConfigurationList;
			buildConfigurations = (
				B6B355E51ED71D9700C2B817 /* Debug */,
				B6B355E61ED71D9700C2B817 /* Release */,
			);
			defaultConfigurationIsVisible = 0;
			defaultConfigurationName = Release;
		};
/* End XCConfigurationList section */
	};
	rootObject = B6B355D31ED71D9600C2B817 /* Project object */;
}
